hash: 6011d91cd6ea915eb3c62c94fa4a3cc35b3ce1be5e841b8d007a724af180360a
updated: 2016-02-18T15:49:20.0179823+10:00
imports:
- name: github.com/kravitz/contra_lib
  version: 88ed3165d043c0212685d0dcd536ca98c714a525
  repo: git://github.com/kravitz/contra_lib
  vcs: git
  subpackages:
  - www
  - utils
  - model
- name: github.com/streadway/amqp
  version: b4f3ceab0337f013208d31348b578d83c0064744
- name: golang.org/x/crypto
  version: 1f22c0103821b9390939b6776727195525381532
  subpackages:
  - bcrypt
  - blowfish
- name: gopkg.in/mgo.v2
  version: d90005c5262a3463800497ea5a89aed5fe22c886
  subpackages:
  - bson
  - internal/scram
devImports: []
